
Microsoft Visual Studio Solution File, Format Version 12.00
# Visual Studio Version 16
VisualStudioVersion = 16.0.31005.135
MinimumVisualStudioVersion = 10.0.40219.1
Project("{9A19103F-16F7-4668-BE54-9A1E7A4F7556}") = "AppAutohouse.PL", "AppAutohouse.PL\AppAutohouse.PL.csproj", "{1C18C301-60D5-4245-A1ED-B54E8DF415DE}"
EndProject
Project("{9A19103F-16F7-4668-BE54-9A1E7A4F7556}") = "AppAutohouse.DAL", "AppAutohouse.DAL\AppAutohouse.DAL.csproj", "{DD080371-EC56-4D73-9254-0E4BC07ED91F}"
EndProject
Project("{9A19103F-16F7-4668-BE54-9A1E7A4F7556}") = "AppAutohouse.BLL", "AppAutohouse.BLL\AppAutohouse.BLL.csproj", "{D5AE6F16-22CB-47B9-94CB-8E3DD7B263BA}"
EndProject
Project("{9A19103F-16F7-4668-BE54-9A1E7A4F7556}") = "API", "API\API.csproj", "{3258FA2E-BC8A-476A-9849-DA52802018EC}"
EndProject
Project("{9A19103F-16F7-4668-BE54-9A1E7A4F7556}") = "AppAutohouse.Angular", "AppAutohouse.Angular\AppAutohouse.Angular.csproj", "{C024E329-82CC-4499-AC28-5D7E22B40581}"
EndProject
Project("{FAE04EC0-301F-11D3-BF4B-00C04F79EFBC}") = "AppAutohouse.BLL.Test", "AppAutohouse.Test\AppAutohouse.BLL.Test.csproj", "{903599DA-0FFB-4777-AEEF-AB392CC2E1EE}"
EndProject
Global
	GlobalSection(SolutionConfigurationPlatforms) = preSolution
		Debug|Any CPU = Debug|Any CPU
		Release|Any CPU = Release|Any CPU
	EndGlobalSection
	GlobalSection(ProjectConfigurationPlatforms) = postSolution
		{1C18C301-60D5-4245-A1ED-B54E8DF415DE}.Debug|Any CPU.ActiveCfg = Debug|Any CPU
		{1C18C301-60D5-4245-A1ED-B54E8DF415DE}.Debug|Any CPU.Build.0 = Debug|Any CPU
		{1C18C301-60D5-4245-A1ED-B54E8DF415DE}.Release|Any CPU.ActiveCfg = Release|Any CPU
		{1C18C301-60D5-4245-A1ED-B54E8DF415DE}.Release|Any CPU.Build.0 = Release|Any CPU
		{DD080371-EC56-4D73-9254-0E4BC07ED91F}.Debug|Any CPU.ActiveCfg = Debug|Any CPU
		{DD080371-EC56-4D73-9254-0E4BC07ED91F}.Debug|Any CPU.Build.0 = Debug|Any CPU
		{DD080371-EC56-4D73-9254-0E4BC07ED91F}.Release|Any CPU.ActiveCfg = Release|Any CPU
		{DD080371-EC56-4D73-9254-0E4BC07ED91F}.Release|Any CPU.Build.0 = Release|Any CPU
		{D5AE6F16-22CB-47B9-94CB-8E3DD7B263BA}.Debug|Any CPU.ActiveCfg = Debug|Any CPU
		{D5AE6F16-22CB-47B9-94CB-8E3DD7B263BA}.Debug|Any CPU.Build.0 = Debug|Any CPU
		{D5AE6F16-22CB-47B9-94CB-8E3DD7B263BA}.Release|Any CPU.ActiveCfg = Release|Any CPU
		{D5AE6F16-22CB-47B9-94CB-8E3DD7B263BA}.Release|Any CPU.Build.0 = Release|Any CPU
		{3258FA2E-BC8A-476A-9849-DA52802018EC}.Debug|Any CPU.ActiveCfg = Debug|Any CPU
		{3258FA2E-BC8A-476A-9849-DA52802018EC}.Debug|Any CPU.Build.0 = Debug|Any CPU
		{3258FA2E-BC8A-476A-9849-DA52802018EC}.Release|Any CPU.ActiveCfg = Release|Any CPU
		{3258FA2E-BC8A-476A-9849-DA52802018EC}.Release|Any CPU.Build.0 = Release|Any CPU
		{C024E329-82CC-4499-AC28-5D7E22B40581}.Debug|Any CPU.ActiveCfg = Debug|Any CPU
		{C024E329-82CC-4499-AC28-5D7E22B40581}.Debug|Any CPU.Build.0 = Debug|Any CPU
		{C024E329-82CC-4499-AC28-5D7E22B40581}.Release|Any CPU.ActiveCfg = Release|Any CPU
		{C024E329-82CC-4499-AC28-5D7E22B40581}.Release|Any CPU.Build.0 = Release|Any CPU
		{903599DA-0FFB-4777-AEEF-AB392CC2E1EE}.Debug|Any CPU.ActiveCfg = Debug|Any CPU
		{903599DA-0FFB-4777-AEEF-AB392CC2E1EE}.Debug|Any CPU.Build.0 = Debug|Any CPU
		{903599DA-0FFB-4777-AEEF-AB392CC2E1EE}.Release|Any CPU.ActiveCfg = Release|Any CPU
		{903599DA-0FFB-4777-AEEF-AB392CC2E1EE}.Release|Any CPU.Build.0 = Release|Any CPU
	EndGlobalSection
	GlobalSection(SolutionProperties) = preSolution
		HideSolutionNode = FALSE
	EndGlobalSection
	GlobalSection(ExtensibilityGlobals) = postSolution
		SolutionGuid = {37FA9F19-0A39-43B5-98D1-0146F2943E84}
	EndGlobalSection
EndGlobal
